{
  "version": "5",
  "specifiers": {
    "jsr:@astral/astral@*": "0.5.6",
    "jsr:@astral/astral@~0.5.6": "0.5.6",
    "jsr:@deno-library/progress@^1.5.1": "1.5.1",
    "jsr:@deno/cache-dir@0.22.2": "0.22.2",
    "jsr:@deno/graph@0.86": "0.86.9",
    "jsr:@hono/hono@^4.6.0": "4.13.3",
    "jsr:@std/assert@^1.0.19": "1.0.19",
    "jsr:@std/async@1": "1.5.0",
    "jsr:@std/bytes@^1.0.2": "1.0.6",
    "jsr:@std/encoding@1": "1.0.11",
    "jsr:@std/expect@1": "1.0.20",
    "jsr:@std/fmt@1.0.3": "1.0.3",
    "jsr:@std/fmt@^1.0.3": "1.0.3",
    "jsr:@std/fs@1": "1.0.24",
    "jsr:@std/fs@^1.0.6": "1.0.24",
    "jsr:@std/internal@^1.0.12": "1.0.14",
    "jsr:@std/internal@^1.0.14": "1.0.14",
    "jsr:@std/io@0.225": "0.225.0",
    "jsr:@std/io@0.225.0": "0.225.0",
    "jsr:@std/path@1": "1.1.6",
    "jsr:@std/path@^1.0.8": "1.1.6",
    "jsr:@std/path@^1.1.6": "1.1.6",
    "jsr:@std/testing@1": "1.0.20",
    "jsr:@zip-js/zip-js@^2.7.52": "2.8.60"
  },
  "jsr": {
    "@astral/astral@0.5.6": {
      "integrity": "580e36211645c4346eabd9af71b7e2db312669fadc4331f9e7309bf62e6ab2ff",
      "dependencies": [
        "jsr:@deno-library/progress",
        "jsr:@deno/cache-dir",
        "jsr:@std/async",
        "jsr:@std/encoding",
        "jsr:@std/fs@1",
        "jsr:@std/path@1",
        "jsr:@zip-js/zip-js"
      ]
    },
    "@deno-library/progress@1.5.1": {
      "integrity": "966611826b8bb27baae73ab1c4fa4317cd4edd2abb99750cd6f8488d22d5b121",
      "dependencies": [
        "jsr:@std/fmt@1.0.3",
        "jsr:@std/io@0.225.0"
      ]
    },
    "@deno/cache-dir@0.22.2": {
      "integrity": "0c84b8db6175618cc2e25ed7d7648d83b38e298c14c1aae1e4b4e1b2219b840c",
      "dependencies": [
        "jsr:@deno/graph",
        "jsr:@std/fmt@^1.0.3",
        "jsr:@std/fs@^1.0.6",
        "jsr:@std/io@0.225",
        "jsr:@std/path@^1.0.8"
      ]
    },
    "@deno/graph@0.86.9": {
      "integrity": "c4f353a695bcc5246c099602977dabc6534eacea9999a35a8cb24e807192e6a1"
    },
    "@hono/hono@4.13.3": {
      "integrity": "2d277e78219ea145202359af5296cfa136eba5e75ffb08fda6fbd54d72032b4f"
    },
    "@std/assert@1.0.19": {
      "integrity": "eaada96ee120cb980bc47e040f82814d786fe8162ecc53c91d8df60b8755991e",
      "dependencies": [
        "jsr:@std/internal@^1.0.12"
      ]
    },
    "@std/async@1.5.0": {
      "integrity": "4c1f22d287a17ad7d8643b1952bc5a4d21e5d8b68dc8c20d8268eecc69096e82"
    },
    "@std/bytes@1.0.6": {
      "integrity": "f6ac6adbd8ccd99314045f5703e23af0a68d7f7e58364b47d2c7f408aeb5820a"
    },
    "@std/encoding@1.0.11": {
      "integrity": "e7cef2f0b3153bccc17431e7c864a1de03a4b6d9647389c43e08aaa775d37385"
    },
    "@std/expect@1.0.20": {
      "integrity": "ffc4f3c33f732417e3e9acf3d995818c89984313c37d933b9ebbb4571d2887e9",
      "dependencies": [
        "jsr:@std/assert",
        "jsr:@std/internal@^1.0.14",
        "jsr:@std/path@^1.1.6"
      ]
    },
    "@std/fmt@1.0.3": {
      "integrity": "97765c16aa32245ff4e2204ecf7d8562496a3cb8592340a80e7e554e0bb9149f"
    },
    "@std/fs@1.0.24": {
      "integrity": "f3061b45b81673a2bece689da041df32d174be064c89eb6397fb5718d3fb7877"
    },
    "@std/internal@1.0.14": {
      "integrity": "291516b3d4c35024d6ffbc0a9df5bf4c64116e05b50012cf846710152d2ffdf7"
    },
    "@std/io@0.225.0": {
      "integrity": "c1db7c5e5a231629b32d64b9a53139445b2ca640d828c26bf23e1c55f8c079b3",
      "dependencies": [
        "jsr:@std/bytes"
      ]
    },
    "@std/path@1.1.6": {
      "integrity": "c68485c2a4dfbb5ae3cc74fae4e8c4e5d874cf8a8ed12927917235c758b46cbe",
      "dependencies": [
        "jsr:@std/internal@^1.0.14"
      ]
    },
    "@std/testing@1.0.20": {
      "integrity": "21380ed438672762e4ec549cbf4fe41c5b68f5598773a30b64abe7375513e721",
      "dependencies": [
        "jsr:@std/assert",
        "jsr:@std/internal@^1.0.14"
      ]
    },
    "@zip-js/zip-js@2.8.60": {
      "integrity": "7c2620d26c5221d74664c3c935a0f59e3bb7b93acf4740b662a2b362e925572d"
    }
  },
  "redirects": {
    "https://esm.sh/@types/d3-force@~3.0.10/index.d.ts": "https://esm.sh/@types/d3-force@3.0.10/index.d.ts",
    "https://esm.sh/@types/react-dom@~18.3.7/client.d.ts": "https://esm.sh/@types/react-dom@18.3.7/client.d.ts",
    "https://esm.sh/@types/react-dom@~18.3.7/index.d.ts": "https://esm.sh/@types/react-dom@18.3.7/index.d.ts",
    "https://esm.sh/@types/react@~18.3.26/index.d.ts": "https://esm.sh/@types/react@18.3.31/index.d.ts",
    "https://esm.sh/@types/react@~18.3.26/jsx-runtime.d.ts": "https://esm.sh/@types/react@18.3.31/jsx-runtime.d.ts",
    "https://esm.sh/@types/react@~18.3.31/index.d.ts": "https://esm.sh/@types/react@18.3.31/index.d.ts",
    "https://esm.sh/@types/react@~18.3.31/jsx-runtime.d.ts": "https://esm.sh/@types/react@18.3.31/jsx-runtime.d.ts"
  },
  "remote": {
    "https://esm.sh/@tanstack/react-query@5.62.11?deps=react@18.3.1": "efef7d4c0279e8c61d9b2506bafa45206c3d2dedf4b9795dc41a8ca01fc296b1",
    "https://esm.sh/d3-force@3.0.0": "1a35f3dd1ff127dc27f2b009574d90304693b0a516eac9583df8d0333d61fd8e",
    "https://esm.sh/pdfjs-dist@4.9.155": "23ada0915aa7113c963cfc6175cfac060147cdd996abf9accb37e280f9805952",
    "https://esm.sh/react-dom@18.3.1": "3352732344c5b11264f40d467ac8be1124cf462b05bf691864663b7887c20003",
    "https://esm.sh/react-dom@18.3.1/client": "21721a0da8572c9017131699230e73bd29b31cae9763948f5a7e3966315d07a2",
    "https://esm.sh/react-router-dom@7.1.1?deps=react@18.3.1,react-dom@18.3.1": "9b027751a84b0084b987bffee543d4ee4dd9bc42586d5c72af033a4b9cd16d02",
    "https://esm.sh/react@18.3.1": "336090fd1f03fdb9530dce4ac761717b5e1e1a630c775bac184ec4ee0809cf89",
    "https://esm.sh/react@18.3.1/jsx-runtime": "fae022412d077731999a21e4ed1eac632822bab088f04c980b08750ba33ade9a",
    "https://esm.sh/zod@3.25.76": "3fb2d6fc9ba6facc140a9875710339f90e89befb26fd9b39da83644d4dd6a701",
    "https://esm.sh/zod@3.25.76/denonext/v3/ZodError.mjs": "7cb18052dad1b35a84cb7a3c1dc825e455f6c3fec0d89c4c4cc4059120042e30",
    "https://esm.sh/zod@3.25.76/denonext/v3/errors.mjs": "9a89b379ac5877d8c0bf4d14d6535ec5e6ab3afb526922acdc61299bac97790c",
    "https://esm.sh/zod@3.25.76/denonext/v3/external.mjs": "21935d798cd2c0c9709cabf9abfb0ed16b884a354beeaa214bfbe5f536267dcf",
    "https://esm.sh/zod@3.25.76/denonext/v3/helpers/util.mjs": "06f7d99705d93b009c1929407b1636e9c78fa69069f89361ceb3998e3b78b053",
    "https://esm.sh/zod@3.25.76/denonext/v3/locales/en.mjs": "6562956f1dd23d6a2d98b44b9e8116835a9fa6a7ec9cedd7f1d48d9e9dd1a7a0",
    "https://esm.sh/zod@3.25.76/denonext/zod.mjs": "c5134912da19c386fa022c7c5be6a68ef4c8679e42f435324208ef6e76a64161"
  },
  "workspace": {
    "dependencies": [
      "jsr:@astral/astral@~0.5.6",
      "jsr:@hono/hono@^4.6.0",
      "jsr:@std/expect@1",
      "jsr:@std/testing@1"
    ]
  }
}
